{
  "nodes": {
    "flake-compat": {
      "flake": false,
      "locked": {
        "lastModified": 1696426674,
        "narHash": "sha256-kvjfFW7WAETZlt09AgDn1MrtKzP7t90Vf7vypd3OL1U=",
        "owner": "edolstra",
        "repo": "flake-compat",
        "rev": "0f9255e01c2351cc7d116c072cb317785dd33b33",
        "type": "github"
      },
      "original": {
        "owner": "edolstra",
        "repo": "flake-compat",
        "type": "github"
      }
    },
    "flake-utils": {
      "inputs": {
        "systems": "systems"
      },
      "locked": {
        "lastModified": 1694529238,
        "narHash": "sha256-zsNZZGTGnMOf9YpHKJqMSsa0dXbfmxeoJ7xHlrt+xmY=",
        "owner": "numtide",
        "repo": "flake-utils",
        "rev": "ff7b65b44d01cf9ba6a71320833626af21126384",
        "type": "github"
      },
      "original": {
        "owner": "numtide",
        "repo": "flake-utils",
        "type": "github"
      }
    },
    "flake-utils_2": {
      "inputs": {
        "systems": "systems_2"
      },
      "locked": {
        "lastModified": 1685518550,
        "narHash": "sha256-o2d0KcvaXzTrPRIo0kOLV0/QXHhDQ5DTi+OxcjO8xqY=",
        "owner": "numtide",
        "repo": "flake-utils",
        "rev": "a1720a10a6cfe8234c0e93907ffe81be440f4cef",
        "type": "github"
      },
      "original": {
        "owner": "numtide",
        "repo": "flake-utils",
        "type": "github"
      }
    },
    "flake-utils_3": {
      "inputs": {
        "systems": "systems_3"
      },
      "locked": {
        "lastModified": 1694529238,
        "narHash": "sha256-zsNZZGTGnMOf9YpHKJqMSsa0dXbfmxeoJ7xHlrt+xmY=",
        "owner": "numtide",
        "repo": "flake-utils",
        "rev": "ff7b65b44d01cf9ba6a71320833626af21126384",
        "type": "github"
      },
      "original": {
        "owner": "numtide",
        "repo": "flake-utils",
        "type": "github"
      }
    },
    "home-manager": {
      "inputs": {
        "nixpkgs": [
          "nixpkgs"
        ]
      },
      "locked": {
        "lastModified": 1695108154,
        "narHash": "sha256-gSg7UTVtls2yO9lKtP0yb66XBHT1Fx5qZSZbGMpSn2c=",
        "owner": "nix-community",
        "repo": "home-manager",
        "rev": "07682fff75d41f18327a871088d20af2710d4744",
        "type": "github"
      },
      "original": {
        "owner": "nix-community",
        "ref": "release-23.05",
        "repo": "home-manager",
        "type": "github"
      }
    },
    "neovim": {
      "inputs": {
        "flake-utils": "flake-utils_2",
        "nixpkgs": [
          "nixpkgs"
        ]
      },
      "locked": {
        "dir": "contrib",
        "lastModified": 1699346628,
        "narHash": "sha256-eAG29Q53SO9XxJIxIMPSHlORTrEH3NFzsXhJMwTRo4M=",
        "owner": "neovim",
        "repo": "neovim",
        "rev": "3ca967387c49c754561c3b11a574797504d40f38",
        "type": "github"
      },
      "original": {
        "dir": "contrib",
        "owner": "neovim",
        "repo": "neovim",
        "type": "github"
      }
    },
    "nix-index-database": {
      "inputs": {
        "nixpkgs": [
          "nixpkgs"
        ]
      },
      "locked": {
        "lastModified": 1699156599,
        "narHash": "sha256-Qk9ZE/pG9lNIGUVNArJxL0Hc0Soa92eQPPIhcDwWinU=",
        "owner": "Mic92",
        "repo": "nix-index-database",
        "rev": "5388a4002179d6778d212dc2fdcc7ac3fdbd5b65",
        "type": "github"
      },
      "original": {
        "owner": "Mic92",
        "repo": "nix-index-database",
        "type": "github"
      }
    },
    "nixos-wsl": {
      "inputs": {
        "flake-compat": "flake-compat",
        "flake-utils": "flake-utils_3",
        "nixpkgs": [
          "nixpkgs"
        ]
      },
      "locked": {
        "lastModified": 1699303900,
        "narHash": "sha256-xS+BjUfadCLCs6kU2ceYPEvUmUKkkC8miXzWi6XxgyE=",
        "owner": "nix-community",
        "repo": "NixOS-WSL",
        "rev": "6e3d83b05ea7fe090a406081db871c8090a00fba",
        "type": "github"
      },
      "original": {
        "owner": "nix-community",
        "repo": "NixOS-WSL",
        "type": "github"
      }
    },
    "nixpkgs": {
      "locked": {
        "lastModified": 1699169573,
        "narHash": "sha256-cvUb1xZkvOp3W2SzylStrTirhVd9zCeo5utJl9nSIhw=",
        "owner": "nixos",
        "repo": "nixpkgs",
        "rev": "aeefe2054617cae501809b82b44a8e8f7be7cc4b",
        "type": "github"
      },
      "original": {
        "owner": "nixos",
        "ref": "nixos-23.05",
        "repo": "nixpkgs",
        "type": "github"
      }
    },
    "nixpkgs-unstable": {
      "locked": {
        "lastModified": 1699099776,
        "narHash": "sha256-X09iKJ27mGsGambGfkKzqvw5esP1L/Rf8H3u3fCqIiU=",
        "owner": "nixos",
        "repo": "nixpkgs",
        "rev": "85f1ba3e51676fa8cc604a3d863d729026a6b8eb",
        "type": "github"
      },
      "original": {
        "owner": "nixos",
        "ref": "nixos-unstable",
        "repo": "nixpkgs",
        "type": "github"
      }
    },
    "root": {
      "inputs": {
        "flake-utils": "flake-utils",
        "home-manager": "home-manager",
        "neovim": "neovim",
        "nix-index-database": "nix-index-database",
        "nixos-wsl": "nixos-wsl",
        "nixpkgs": "nixpkgs",
        "nixpkgs-unstable": "nixpkgs-unstable"
      }
    },
    "systems": {
      "locked": {
        "lastModified": 1681028828,
        "narHash": "sha256-Vy1rq5AaRuLzOxct8nz4T6wlgyUR7zLU309k9mBC768=",
        "owner": "nix-systems",
        "repo": "default",
        "rev": "da67096a3b9bf56a91d16901293e51ba5b49a27e",
        "type": "github"
      },
      "original": {
        "owner": "nix-systems",
        "repo": "default",
        "type": "github"
      }
    },
    "systems_2": {
      "locked": {
        "lastModified": 1681028828,
        "narHash": "sha256-Vy1rq5AaRuLzOxct8nz4T6wlgyUR7zLU309k9mBC768=",
        "owner": "nix-systems",
        "repo": "default",
        "rev": "da67096a3b9bf56a91d16901293e51ba5b49a27e",
        "type": "github"
      },
      "original": {
        "owner": "nix-systems",
        "repo": "default",
        "type": "github"
      }
    },
    "systems_3": {
      "locked": {
        "lastModified": 1681028828,
        "narHash": "sha256-Vy1rq5AaRuLzOxct8nz4T6wlgyUR7zLU309k9mBC768=",
        "owner": "nix-systems",
        "repo": "default",
        "rev": "da67096a3b9bf56a91d16901293e51ba5b49a27e",
        "type": "github"
      },
      "original": {
        "owner": "nix-systems",
        "repo": "default",
        "type": "github"
      }
    }
  },
  "root": "root",
  "version": 7
}
